github.com/EngoEngine/glm v0.0.0-20170725114841-9c08f4d1f668 h1:Xz9xCyj4YTFam6pmzdwV8/pyQeYJEpA5ke91z0ovtHs=
github.com/EngoEngine/glm v0.0.0-20170725114841-9c08f4d1f668/go.mod h1:PXaHlwWG1hTf+tp8q8AsJDgZ0epvvPeUw/wcfKu869Y=
github.com/EngoEngine/math v1.0.4 h1:ejDfSg48ynB9T6btiu9EHjZmpQgW/zHf3IeC7SqXXv8=
github.com/EngoEngine/math v1.0.4/go.mod h1:d8SnfwiaImse0lB3JuR91B2CShZmMxaTWaWZ/ZxDxAU=
github.com/gorilla/mux v1.8.1 h1:TuBL49tXwgrFYWhqrNgrUNEY92u81SPhu7sTdzQEiWY=
github.com/gorilla/mux v1.8.1/go.mod h1:AKf9I4AEqPTmMytcMc0KkNouC66V3BtZ4qD5fmWSiMQ=
github.com/gorilla/websocket v1.5.3 h1:saDtZ6Pbx/0u+bgYQ3q96pZgCzfhKXGPqt7kZ72aNNg=
github.com/gorilla/websocket v1.5.3/go.mod h1:YR8l580nyteQvAITg2hZ9XVh4b55+EU/adAjf1fMHhE=
golang.org/x/net v0.29.0 h1:5ORfpBpCs4HzDYoodCDBbwHzdR5UrLBZ3sOnUJmFoHo=
golang.org/x/net v0.29.0/go.mod h1:gLkgy8jTGERgjzMic6DS9+SP0ajcu6Xu3Orq/SpETg0=
