github.com/EngoEngine/glm v0.0.0-20170725114841-9c08f4d1f668 h1:Xz9xCyj4YTFam6pmzdwV8/pyQeYJEpA5ke91z0ovtHs=
github.com/EngoEngine/glm v0.0.0-20170725114841-9c08f4d1f668/go.mod h1:PXaHlwWG1hTf+tp8q8AsJDgZ0epvvPeUw/wcfKu869Y=
github.com/EngoEngine/math v1.0.4 h1:ejDfSg48ynB9T6btiu9EHjZmpQgW/zHf3IeC7SqXXv8=
github.com/EngoEngine/math v1.0.4/go.mod h1:d8SnfwiaImse0lB3JuR91B2CShZmMxaTWaWZ/ZxDxAU=
